{
  "name": "lumencortex",
  "version": "0.6.0",
  "lockfileVersion": 3,
  "requires": true,
  "packages": {
    "": {
      "name": "lumencortex",
      "version": "0.6.0",
      "license": "MIT",
      "bin": {
        "lcx": "bin/lcx.js",
        "lumencortex": "bin/lumencortex.js"
      },
      "engines": {
        "node": ">=22.13"
      }
    }
  }
}
