{
  "name": "lumencortex",
  "version": "0.5.0",
  "lockfileVersion": 3,
  "requires": true,
  "packages": {
    "": {
      "name": "lumencortex",
      "version": "0.5.0",
      "license": "MIT",
      "bin": {
        "lcx": "bin/lcx.js",
        "lumencortex": "bin/lumencortex.js",
        "modelweave": "bin/modelweave.js"
      },
      "engines": {
        "node": ">=20"
      }
    }
  }
}
